
Microsoft Visual Studio Solution File, Format Version 12.00
# Visual Studio Version 17
VisualStudioVersion = 17.2.32526.322
MinimumVisualStudioVersion = 10.0.40219.1
Project("{FAE04EC0-301F-11D3-BF4B-00C04F79EFBC}") = "WPF布局基础1", "WpfApp1\WPF布局基础1.csproj", "{DA2421E9-F87E-49B2-B4BC-4E416393B96C}"
EndProject
Project("{FAE04EC0-301F-11D3-BF4B-00C04F79EFBC}") = "WPF布局基础Demo", "WPF布局基础Demo\WPF布局基础Demo.csproj", "{C5BB6AE9-5B9C-47B1-BB95-C3A9B8C719AE}"
EndProject
Project("{2150E333-8FDC-42A3-9474-1A3956D46DE8}") = "01.WPF布局基础", "01.WPF布局基础", "{B4170284-F700-4A6D-B2B5-1825C08649DC}"
EndProject
Project("{2150E333-8FDC-42A3-9474-1A3956D46DE8}") = "02.WPF样式基础", "02.WPF样式基础", "{9C659F61-2D33-4534-8EF5-0600FDD138CD}"
EndProject
Project("{FAE04EC0-301F-11D3-BF4B-00C04F79EFBC}") = "WPF样式基础1", "WpfApp2\WPF样式基础1.csproj", "{BF5DE43C-D9A1-4991-9E68-DF62ABAFA9A2}"
EndProject
Project("{2150E333-8FDC-42A3-9474-1A3956D46DE8}") = "03.WPF控件模板", "03.WPF控件模板", "{A3A11E3D-2827-4991-AC14-7665F44F6284}"
EndProject
Project("{FAE04EC0-301F-11D3-BF4B-00C04F79EFBC}") = "WpfApp3", "WpfApp3\WpfApp3.csproj", "{F9BB78EE-98B0-43F7-8894-DEBD331BFC1E}"
EndProject
Project("{2150E333-8FDC-42A3-9474-1A3956D46DE8}") = "04.WPF数据模板", "04.WPF数据模板", "{657BF189-452A-4922-8C2F-5742F59DF88D}"
EndProject
Project("{FAE04EC0-301F-11D3-BF4B-00C04F79EFBC}") = "WpfApp4", "WpfApp4\WpfApp4.csproj", "{A06F565C-8D94-45A4-A322-8538D33BD22A}"
EndProject
Project("{FAE04EC0-301F-11D3-BF4B-00C04F79EFBC}") = "WpfApp5", "WpfApp5\WpfApp5.csproj", "{DF3B2BE2-8AA8-4375-B253-0F272AB6FEE6}"
EndProject
Project("{2150E333-8FDC-42A3-9474-1A3956D46DE8}") = "05.WPF绑定", "05.WPF绑定", "{13CB1960-7848-40E0-BE4D-47CA5913B87A}"
EndProject
Project("{FAE04EC0-301F-11D3-BF4B-00C04F79EFBC}") = "WpfApp6", "WpfApp6\WpfApp6.csproj", "{2A0694CD-3E6F-43A6-91E2-DC1FF95DDF7E}"
EndProject
Project("{2150E333-8FDC-42A3-9474-1A3956D46DE8}") = "06.WPF绑定2", "06.WPF绑定2", "{5D32002C-3D78-4D9A-BA58-CC16083A58AA}"
EndProject
Project("{FAE04EC0-301F-11D3-BF4B-00C04F79EFBC}") = "WpfApp7", "WpfApp7\WpfApp7.csproj", "{3C11BF42-CAAD-4E98-AB52-801D87437CC0}"
EndProject
Project("{2150E333-8FDC-42A3-9474-1A3956D46DE8}") = "07.WPF命令(ICommand)", "07.WPF命令(ICommand)", "{A8CDFDAF-B9A8-4260-950A-BDD38AE8FE46}"
EndProject
Project("{FAE04EC0-301F-11D3-BF4B-00C04F79EFBC}") = "WpfApp8", "WpfApp8\WpfApp8.csproj", "{4C610F52-059B-43E1-AE3B-35DEC198E6E4}"
EndProject
Project("{2150E333-8FDC-42A3-9474-1A3956D46DE8}") = "08.WPF通知更改(INotifyPropertyChanged)", "08.WPF通知更改(INotifyPropertyChanged)", "{E190C7FA-0581-42AB-9295-28C3443AE4AC}"
EndProject
Project("{FAE04EC0-301F-11D3-BF4B-00C04F79EFBC}") = "WpfApp9", "WpfApp9\WpfApp9.csproj", "{EAEE3D8B-CCD4-4619-B750-82C8872FDEC2}"
EndProject
Project("{FAE04EC0-301F-11D3-BF4B-00C04F79EFBC}") = "WpfApp10", "WpfApp10\WpfApp10.csproj", "{EF8FA2D0-2D37-4B11-894B-A681472EC0BE}"
EndProject
Project("{2150E333-8FDC-42A3-9474-1A3956D46DE8}") = "09.WPF框架(MvvmLight)", "09.WPF框架(MvvmLight)", "{6B296027-587F-4270-98D8-F1551B698DDA}"
EndProject
Project("{2150E333-8FDC-42A3-9474-1A3956D46DE8}") = "10.WPF框架(MicrosoftToolkitMVVM)", "10.WPF框架(MicrosoftToolkitMVVM)", "{BD98B89F-05DA-4901-97F3-90971B86A47A}"
EndProject
Project("{FAE04EC0-301F-11D3-BF4B-00C04F79EFBC}") = "WpfApp11", "WpfApp11\WpfApp11.csproj", "{517A629E-4B8C-4E54-AF54-AB9DA9D424AF}"
EndProject
Project("{2150E333-8FDC-42A3-9474-1A3956D46DE8}") = "11.WPF绑定阶段性总结(作业)", "11.WPF绑定阶段性总结(作业)", "{AD4C621C-E8AE-4FE1-B58E-F009ECB9652F}"
EndProject
Project("{2150E333-8FDC-42A3-9474-1A3956D46DE8}") = "12.资源基础", "12.资源基础", "{AC4E4F64-66A0-4FC2-AFAE-43258DACDDDF}"
EndProject
Project("{FAE04EC0-301F-11D3-BF4B-00C04F79EFBC}") = "WpfApp12", "WpfApp12\WpfApp12.csproj", "{D083ADB8-FDCA-4CE5-A49B-5CBA7EFC5B23}"
EndProject
Project("{2150E333-8FDC-42A3-9474-1A3956D46DE8}") = "13.动画基础", "13.动画基础", "{B2E4F7C4-5543-49E1-A88A-49012DA1776C}"
EndProject
Project("{FAE04EC0-301F-11D3-BF4B-00C04F79EFBC}") = "WpfApp13", "WpfApp13\WpfApp13.csproj", "{710ADFC9-367B-4C85-BB25-E925A3E18426}"
EndProject
Project("{2150E333-8FDC-42A3-9474-1A3956D46DE8}") = "14.15.16.Prism", "14.15.16.Prism", "{8EB342B4-B60B-4054-9344-4DCD4F4F210B}"
EndProject
Project("{9A19103F-16F7-4668-BE54-9A1E7A4F7556}") = "PrismDemo", "PrismDemo\PrismDemo.csproj", "{97202DA7-0F67-4C5F-BAA0-1E06043B40DE}"
EndProject
Project("{9A19103F-16F7-4668-BE54-9A1E7A4F7556}") = "FullApp1", "FullApp1\FullApp1\FullApp1.csproj", "{F49B3A4B-D35D-4CEC-A303-8F4F178695F0}"
EndProject
Project("{9A19103F-16F7-4668-BE54-9A1E7A4F7556}") = "FullApp1.Core", "FullApp1\FullApp1.Core\FullApp1.Core.csproj", "{B45DA994-8CED-4611-A21B-88F63A97AD32}"
EndProject
Project("{9A19103F-16F7-4668-BE54-9A1E7A4F7556}") = "FullApp1.Modules.ModuleName", "FullApp1\Modules\FullApp1.Modules.ModuleName\FullApp1.Modules.ModuleName.csproj", "{375EB040-F8C2-4128-8901-D91FFA8C3C2A}"
EndProject
Project("{9A19103F-16F7-4668-BE54-9A1E7A4F7556}") = "FullApp1.Services", "FullApp1\Services\FullApp1.Services\FullApp1.Services.csproj", "{2DD550BF-95E9-4965-9AB9-163CC8A253B1}"
EndProject
Project("{9A19103F-16F7-4668-BE54-9A1E7A4F7556}") = "FullApp1.Services.Interfaces", "FullApp1\Services\FullApp1.Services.Interfaces\FullApp1.Services.Interfaces.csproj", "{093F1131-CC08-476A-93B2-4501BDB2115F}"
EndProject
Project("{9A19103F-16F7-4668-BE54-9A1E7A4F7556}") = "FullApp1.Modules.ModuleName.Tests", "FullApp1\Tests\FullApp1.Modules.ModuleName.Tests\FullApp1.Modules.ModuleName.Tests.csproj", "{CCFB478F-11F3-4AF1-AF33-702F4546A5A1}"
EndProject
Project("{2150E333-8FDC-42A3-9474-1A3956D46DE8}") = "FullApp", "FullApp", "{5E97FC41-9608-49AC-ABEF-7747F3AB1FA2}"
EndProject
Project("{FAE04EC0-301F-11D3-BF4B-00C04F79EFBC}") = "ModuleB", "ModuleB\ModuleB.csproj", "{15066C75-3174-4D67-8EBE-78C98B81A221}"
EndProject
Project("{FAE04EC0-301F-11D3-BF4B-00C04F79EFBC}") = "ModuleA", "ModuleA\ModuleA.csproj", "{5ADB3279-4D65-4DA0-AFEE-6C68F1095815}"
EndProject
Global
	GlobalSection(SolutionConfigurationPlatforms) = preSolution
		Debug|Any CPU = Debug|Any CPU
		Release|Any CPU = Release|Any CPU
	EndGlobalSection
	GlobalSection(ProjectConfigurationPlatforms) = postSolution
		{DA2421E9-F87E-49B2-B4BC-4E416393B96C}.Debug|Any CPU.ActiveCfg = Debug|Any CPU
		{DA2421E9-F87E-49B2-B4BC-4E416393B96C}.Debug|Any CPU.Build.0 = Debug|Any CPU
		{DA2421E9-F87E-49B2-B4BC-4E416393B96C}.Release|Any CPU.ActiveCfg = Release|Any CPU
		{DA2421E9-F87E-49B2-B4BC-4E416393B96C}.Release|Any CPU.Build.0 = Release|Any CPU
		{C5BB6AE9-5B9C-47B1-BB95-C3A9B8C719AE}.Debug|Any CPU.ActiveCfg = Debug|Any CPU
		{C5BB6AE9-5B9C-47B1-BB95-C3A9B8C719AE}.Debug|Any CPU.Build.0 = Debug|Any CPU
		{C5BB6AE9-5B9C-47B1-BB95-C3A9B8C719AE}.Release|Any CPU.ActiveCfg = Release|Any CPU
		{C5BB6AE9-5B9C-47B1-BB95-C3A9B8C719AE}.Release|Any CPU.Build.0 = Release|Any CPU
		{BF5DE43C-D9A1-4991-9E68-DF62ABAFA9A2}.Debug|Any CPU.ActiveCfg = Debug|Any CPU
		{BF5DE43C-D9A1-4991-9E68-DF62ABAFA9A2}.Debug|Any CPU.Build.0 = Debug|Any CPU
		{BF5DE43C-D9A1-4991-9E68-DF62ABAFA9A2}.Release|Any CPU.ActiveCfg = Release|Any CPU
		{BF5DE43C-D9A1-4991-9E68-DF62ABAFA9A2}.Release|Any CPU.Build.0 = Release|Any CPU
		{F9BB78EE-98B0-43F7-8894-DEBD331BFC1E}.Debug|Any CPU.ActiveCfg = Debug|Any CPU
		{F9BB78EE-98B0-43F7-8894-DEBD331BFC1E}.Debug|Any CPU.Build.0 = Debug|Any CPU
		{F9BB78EE-98B0-43F7-8894-DEBD331BFC1E}.Release|Any CPU.ActiveCfg = Release|Any CPU
		{F9BB78EE-98B0-43F7-8894-DEBD331BFC1E}.Release|Any CPU.Build.0 = Release|Any CPU
		{A06F565C-8D94-45A4-A322-8538D33BD22A}.Debug|Any CPU.ActiveCfg = Debug|Any CPU
		{A06F565C-8D94-45A4-A322-8538D33BD22A}.Debug|Any CPU.Build.0 = Debug|Any CPU
		{A06F565C-8D94-45A4-A322-8538D33BD22A}.Release|Any CPU.ActiveCfg = Release|Any CPU
		{A06F565C-8D94-45A4-A322-8538D33BD22A}.Release|Any CPU.Build.0 = Release|Any CPU
		{DF3B2BE2-8AA8-4375-B253-0F272AB6FEE6}.Debug|Any CPU.ActiveCfg = Debug|Any CPU
		{DF3B2BE2-8AA8-4375-B253-0F272AB6FEE6}.Debug|Any CPU.Build.0 = Debug|Any CPU
		{DF3B2BE2-8AA8-4375-B253-0F272AB6FEE6}.Release|Any CPU.ActiveCfg = Release|Any CPU
		{DF3B2BE2-8AA8-4375-B253-0F272AB6FEE6}.Release|Any CPU.Build.0 = Release|Any CPU
		{2A0694CD-3E6F-43A6-91E2-DC1FF95DDF7E}.Debug|Any CPU.ActiveCfg = Debug|Any CPU
		{2A0694CD-3E6F-43A6-91E2-DC1FF95DDF7E}.Debug|Any CPU.Build.0 = Debug|Any CPU
		{2A0694CD-3E6F-43A6-91E2-DC1FF95DDF7E}.Release|Any CPU.ActiveCfg = Release|Any CPU
		{2A0694CD-3E6F-43A6-91E2-DC1FF95DDF7E}.Release|Any CPU.Build.0 = Release|Any CPU
		{3C11BF42-CAAD-4E98-AB52-801D87437CC0}.Debug|Any CPU.ActiveCfg = Debug|Any CPU
		{3C11BF42-CAAD-4E98-AB52-801D87437CC0}.Debug|Any CPU.Build.0 = Debug|Any CPU
		{3C11BF42-CAAD-4E98-AB52-801D87437CC0}.Release|Any CPU.ActiveCfg = Release|Any CPU
		{3C11BF42-CAAD-4E98-AB52-801D87437CC0}.Release|Any CPU.Build.0 = Release|Any CPU
		{4C610F52-059B-43E1-AE3B-35DEC198E6E4}.Debug|Any CPU.ActiveCfg = Debug|Any CPU
		{4C610F52-059B-43E1-AE3B-35DEC198E6E4}.Debug|Any CPU.Build.0 = Debug|Any CPU
		{4C610F52-059B-43E1-AE3B-35DEC198E6E4}.Release|Any CPU.ActiveCfg = Release|Any CPU
		{4C610F52-059B-43E1-AE3B-35DEC198E6E4}.Release|Any CPU.Build.0 = Release|Any CPU
		{EAEE3D8B-CCD4-4619-B750-82C8872FDEC2}.Debug|Any CPU.ActiveCfg = Debug|Any CPU
		{EAEE3D8B-CCD4-4619-B750-82C8872FDEC2}.Debug|Any CPU.Build.0 = Debug|Any CPU
		{EAEE3D8B-CCD4-4619-B750-82C8872FDEC2}.Release|Any CPU.ActiveCfg = Release|Any CPU
		{EAEE3D8B-CCD4-4619-B750-82C8872FDEC2}.Release|Any CPU.Build.0 = Release|Any CPU
		{EF8FA2D0-2D37-4B11-894B-A681472EC0BE}.Debug|Any CPU.ActiveCfg = Debug|Any CPU
		{EF8FA2D0-2D37-4B11-894B-A681472EC0BE}.Debug|Any CPU.Build.0 = Debug|Any CPU
		{EF8FA2D0-2D37-4B11-894B-A681472EC0BE}.Release|Any CPU.ActiveCfg = Release|Any CPU
		{EF8FA2D0-2D37-4B11-894B-A681472EC0BE}.Release|Any CPU.Build.0 = Release|Any CPU
		{517A629E-4B8C-4E54-AF54-AB9DA9D424AF}.Debug|Any CPU.ActiveCfg = Debug|Any CPU
		{517A629E-4B8C-4E54-AF54-AB9DA9D424AF}.Debug|Any CPU.Build.0 = Debug|Any CPU
		{517A629E-4B8C-4E54-AF54-AB9DA9D424AF}.Release|Any CPU.ActiveCfg = Release|Any CPU
		{517A629E-4B8C-4E54-AF54-AB9DA9D424AF}.Release|Any CPU.Build.0 = Release|Any CPU
		{D083ADB8-FDCA-4CE5-A49B-5CBA7EFC5B23}.Debug|Any CPU.ActiveCfg = Debug|Any CPU
		{D083ADB8-FDCA-4CE5-A49B-5CBA7EFC5B23}.Debug|Any CPU.Build.0 = Debug|Any CPU
		{D083ADB8-FDCA-4CE5-A49B-5CBA7EFC5B23}.Release|Any CPU.ActiveCfg = Release|Any CPU
		{D083ADB8-FDCA-4CE5-A49B-5CBA7EFC5B23}.Release|Any CPU.Build.0 = Release|Any CPU
		{710ADFC9-367B-4C85-BB25-E925A3E18426}.Debug|Any CPU.ActiveCfg = Debug|Any CPU
		{710ADFC9-367B-4C85-BB25-E925A3E18426}.Debug|Any CPU.Build.0 = Debug|Any CPU
		{710ADFC9-367B-4C85-BB25-E925A3E18426}.Release|Any CPU.ActiveCfg = Release|Any CPU
		{710ADFC9-367B-4C85-BB25-E925A3E18426}.Release|Any CPU.Build.0 = Release|Any CPU
		{97202DA7-0F67-4C5F-BAA0-1E06043B40DE}.Debug|Any CPU.ActiveCfg = Debug|Any CPU
		{97202DA7-0F67-4C5F-BAA0-1E06043B40DE}.Debug|Any CPU.Build.0 = Debug|Any CPU
		{97202DA7-0F67-4C5F-BAA0-1E06043B40DE}.Release|Any CPU.ActiveCfg = Release|Any CPU
		{97202DA7-0F67-4C5F-BAA0-1E06043B40DE}.Release|Any CPU.Build.0 = Release|Any CPU
		{F49B3A4B-D35D-4CEC-A303-8F4F178695F0}.Debug|Any CPU.ActiveCfg = Debug|Any CPU
		{F49B3A4B-D35D-4CEC-A303-8F4F178695F0}.Debug|Any CPU.Build.0 = Debug|Any CPU
		{F49B3A4B-D35D-4CEC-A303-8F4F178695F0}.Release|Any CPU.ActiveCfg = Release|Any CPU
		{F49B3A4B-D35D-4CEC-A303-8F4F178695F0}.Release|Any CPU.Build.0 = Release|Any CPU
		{B45DA994-8CED-4611-A21B-88F63A97AD32}.Debug|Any CPU.ActiveCfg = Debug|Any CPU
		{B45DA994-8CED-4611-A21B-88F63A97AD32}.Debug|Any CPU.Build.0 = Debug|Any CPU
		{B45DA994-8CED-4611-A21B-88F63A97AD32}.Release|Any CPU.ActiveCfg = Release|Any CPU
		{B45DA994-8CED-4611-A21B-88F63A97AD32}.Release|Any CPU.Build.0 = Release|Any CPU
		{375EB040-F8C2-4128-8901-D91FFA8C3C2A}.Debug|Any CPU.ActiveCfg = Debug|Any CPU
		{375EB040-F8C2-4128-8901-D91FFA8C3C2A}.Debug|Any CPU.Build.0 = Debug|Any CPU
		{375EB040-F8C2-4128-8901-D91FFA8C3C2A}.Release|Any CPU.ActiveCfg = Release|Any CPU
		{375EB040-F8C2-4128-8901-D91FFA8C3C2A}.Release|Any CPU.Build.0 = Release|Any CPU
		{2DD550BF-95E9-4965-9AB9-163CC8A253B1}.Debug|Any CPU.ActiveCfg = Debug|Any CPU
		{2DD550BF-95E9-4965-9AB9-163CC8A253B1}.Debug|Any CPU.Build.0 = Debug|Any CPU
		{2DD550BF-95E9-4965-9AB9-163CC8A253B1}.Release|Any CPU.ActiveCfg = Release|Any CPU
		{2DD550BF-95E9-4965-9AB9-163CC8A253B1}.Release|Any CPU.Build.0 = Release|Any CPU
		{093F1131-CC08-476A-93B2-4501BDB2115F}.Debug|Any CPU.ActiveCfg = Debug|Any CPU
		{093F1131-CC08-476A-93B2-4501BDB2115F}.Debug|Any CPU.Build.0 = Debug|Any CPU
		{093F1131-CC08-476A-93B2-4501BDB2115F}.Release|Any CPU.ActiveCfg = Release|Any CPU
		{093F1131-CC08-476A-93B2-4501BDB2115F}.Release|Any CPU.Build.0 = Release|Any CPU
		{CCFB478F-11F3-4AF1-AF33-702F4546A5A1}.Debug|Any CPU.ActiveCfg = Debug|Any CPU
		{CCFB478F-11F3-4AF1-AF33-702F4546A5A1}.Debug|Any CPU.Build.0 = Debug|Any CPU
		{CCFB478F-11F3-4AF1-AF33-702F4546A5A1}.Release|Any CPU.ActiveCfg = Release|Any CPU
		{CCFB478F-11F3-4AF1-AF33-702F4546A5A1}.Release|Any CPU.Build.0 = Release|Any CPU
		{15066C75-3174-4D67-8EBE-78C98B81A221}.Debug|Any CPU.ActiveCfg = Debug|Any CPU
		{15066C75-3174-4D67-8EBE-78C98B81A221}.Debug|Any CPU.Build.0 = Debug|Any CPU
		{15066C75-3174-4D67-8EBE-78C98B81A221}.Release|Any CPU.ActiveCfg = Release|Any CPU
		{15066C75-3174-4D67-8EBE-78C98B81A221}.Release|Any CPU.Build.0 = Release|Any CPU
		{5ADB3279-4D65-4DA0-AFEE-6C68F1095815}.Debug|Any CPU.ActiveCfg = Debug|Any CPU
		{5ADB3279-4D65-4DA0-AFEE-6C68F1095815}.Debug|Any CPU.Build.0 = Debug|Any CPU
		{5ADB3279-4D65-4DA0-AFEE-6C68F1095815}.Release|Any CPU.ActiveCfg = Release|Any CPU
		{5ADB3279-4D65-4DA0-AFEE-6C68F1095815}.Release|Any CPU.Build.0 = Release|Any CPU
	EndGlobalSection
	GlobalSection(SolutionProperties) = preSolution
		HideSolutionNode = FALSE
	EndGlobalSection
	GlobalSection(NestedProjects) = preSolution
		{DA2421E9-F87E-49B2-B4BC-4E416393B96C} = {B4170284-F700-4A6D-B2B5-1825C08649DC}
		{C5BB6AE9-5B9C-47B1-BB95-C3A9B8C719AE} = {B4170284-F700-4A6D-B2B5-1825C08649DC}
		{BF5DE43C-D9A1-4991-9E68-DF62ABAFA9A2} = {9C659F61-2D33-4534-8EF5-0600FDD138CD}
		{F9BB78EE-98B0-43F7-8894-DEBD331BFC1E} = {A3A11E3D-2827-4991-AC14-7665F44F6284}
		{A06F565C-8D94-45A4-A322-8538D33BD22A} = {657BF189-452A-4922-8C2F-5742F59DF88D}
		{DF3B2BE2-8AA8-4375-B253-0F272AB6FEE6} = {657BF189-452A-4922-8C2F-5742F59DF88D}
		{2A0694CD-3E6F-43A6-91E2-DC1FF95DDF7E} = {13CB1960-7848-40E0-BE4D-47CA5913B87A}
		{3C11BF42-CAAD-4E98-AB52-801D87437CC0} = {5D32002C-3D78-4D9A-BA58-CC16083A58AA}
		{4C610F52-059B-43E1-AE3B-35DEC198E6E4} = {A8CDFDAF-B9A8-4260-950A-BDD38AE8FE46}
		{EAEE3D8B-CCD4-4619-B750-82C8872FDEC2} = {E190C7FA-0581-42AB-9295-28C3443AE4AC}
		{EF8FA2D0-2D37-4B11-894B-A681472EC0BE} = {6B296027-587F-4270-98D8-F1551B698DDA}
		{517A629E-4B8C-4E54-AF54-AB9DA9D424AF} = {BD98B89F-05DA-4901-97F3-90971B86A47A}
		{D083ADB8-FDCA-4CE5-A49B-5CBA7EFC5B23} = {AC4E4F64-66A0-4FC2-AFAE-43258DACDDDF}
		{710ADFC9-367B-4C85-BB25-E925A3E18426} = {B2E4F7C4-5543-49E1-A88A-49012DA1776C}
		{97202DA7-0F67-4C5F-BAA0-1E06043B40DE} = {8EB342B4-B60B-4054-9344-4DCD4F4F210B}
		{F49B3A4B-D35D-4CEC-A303-8F4F178695F0} = {5E97FC41-9608-49AC-ABEF-7747F3AB1FA2}
		{B45DA994-8CED-4611-A21B-88F63A97AD32} = {5E97FC41-9608-49AC-ABEF-7747F3AB1FA2}
		{375EB040-F8C2-4128-8901-D91FFA8C3C2A} = {5E97FC41-9608-49AC-ABEF-7747F3AB1FA2}
		{2DD550BF-95E9-4965-9AB9-163CC8A253B1} = {5E97FC41-9608-49AC-ABEF-7747F3AB1FA2}
		{093F1131-CC08-476A-93B2-4501BDB2115F} = {5E97FC41-9608-49AC-ABEF-7747F3AB1FA2}
		{CCFB478F-11F3-4AF1-AF33-702F4546A5A1} = {5E97FC41-9608-49AC-ABEF-7747F3AB1FA2}
		{5E97FC41-9608-49AC-ABEF-7747F3AB1FA2} = {8EB342B4-B60B-4054-9344-4DCD4F4F210B}
		{15066C75-3174-4D67-8EBE-78C98B81A221} = {8EB342B4-B60B-4054-9344-4DCD4F4F210B}
		{5ADB3279-4D65-4DA0-AFEE-6C68F1095815} = {8EB342B4-B60B-4054-9344-4DCD4F4F210B}
	EndGlobalSection
	GlobalSection(ExtensibilityGlobals) = postSolution
		SolutionGuid = {15AEACC7-8486-45FA-99D2-688240FF55AD}
	EndGlobalSection
EndGlobal
